// !$*UTF8*$!
{
	archiveVersion = 1;
	classes = {
	};
	objectVersion = 46;
	objects = {

/* Begin PBXBuildFile section */
		5671889F1E09E9A500A41A0B /* GoogleService-Info.plist in Resources */ = {isa = PBXBuildFile; fileRef = 5671889E1E09E9A500A41A0B /* GoogleService-Info.plist */; };
		567188A11E09FA3600A41A0B /* DataService.swift in Sources */ = {isa = PBXBuildFile; fileRef = 567188A01E09FA3600A41A0B /* DataService.swift */; };
		567188A31E09FF5D00A41A0B /* UserCell.swift in Sources */ = {isa = PBXBuildFile; fileRef = 567188A21E09FF5D00A41A0B /* UserCell.swift */; };
		567188A71E0B586600A41A0B /* UsersVC.swift in Sources */ = {isa = PBXBuildFile; fileRef = 567188A61E0B586600A41A0B /* UsersVC.swift */; };
		5697084B1E0624A500B54EDE /* VideoVC.swift in Sources */ = {isa = PBXBuildFile; fileRef = 5697084A1E0624A500B54EDE /* VideoVC.swift */; };
		56D5AB921E01BE8F00C51695 /* MainVC.swift in Sources */ = {isa = PBXBuildFile; fileRef = 56D5AB911E01BE8F00C51695 /* MainVC.swift */; };
		56D5AB991E04BD3600C51695 /* ChallengeCell.swift in Sources */ = {isa = PBXBuildFile; fileRef = 56D5AB981E04BD3600C51695 /* ChallengeCell.swift */; };
		56D5AB9B1E04BEBC00C51695 /* ChallengesVC.swift in Sources */ = {isa = PBXBuildFile; fileRef = 56D5AB9A1E04BEBC00C51695 /* ChallengesVC.swift */; };
		56D5AB9D1E04BF3E00C51695 /* Challenges.swift in Sources */ = {isa = PBXBuildFile; fileRef = 56D5AB9C1E04BF3E00C51695 /* Challenges.swift */; };
		56EA6A2A1E00C05E00E9FE5D /* CreateProfileVC.swift in Sources */ = {isa = PBXBuildFile; fileRef = 56EA6A291E00C05E00E9FE5D /* CreateProfileVC.swift */; };
		56EEDE191DFFCC89005CC896 /* AppDelegate.swift in Sources */ = {isa = PBXBuildFile; fileRef = 56EEDE181DFFCC89005CC896 /* AppDelegate.swift */; };
		56EEDE1E1DFFCC89005CC896 /* Main.storyboard in Resources */ = {isa = PBXBuildFile; fileRef = 56EEDE1C1DFFCC89005CC896 /* Main.storyboard */; };
		56EEDE201DFFCC89005CC896 /* Assets.xcassets in Resources */ = {isa = PBXBuildFile; fileRef = 56EEDE1F1DFFCC89005CC896 /* Assets.xcassets */; };
		56EEDE231DFFCC89005CC896 /* LaunchScreen.storyboard in Resources */ = {isa = PBXBuildFile; fileRef = 56EEDE211DFFCC89005CC896 /* LaunchScreen.storyboard */; };
		56EEDE2B1E006FB7005CC896 /* SignUpVC.swift in Sources */ = {isa = PBXBuildFile; fileRef = 56EEDE2A1E006FB7005CC896 /* SignUpVC.swift */; };
		56F951AA1E0B7D6500FB9E1C /* User.swift in Sources */ = {isa = PBXBuildFile; fileRef = 56F951A91E0B7D6500FB9E1C /* User.swift */; };
		56FF2BFC1E08EDDB003825B2 /* AuthService.swift in Sources */ = {isa = PBXBuildFile; fileRef = 56FF2BFB1E08EDDB003825B2 /* AuthService.swift */; };
		D775C80CE35623CC534C4925 /* Pods_Fitness_Challenge.framework in Frameworks */ = {isa = PBXBuildFile; fileRef = 246476E04D2130BFED28426E /* Pods_Fitness_Challenge.framework */; };
/* End PBXBuildFile section */

/* Begin PBXFileReference section */
		246476E04D2130BFED28426E /* Pods_Fitness_Challenge.framework */ = {isa = PBXFileReference; explicitFileType = wrapper.framework; includeInIndex = 0; path = Pods_Fitness_Challenge.framework; sourceTree = BUILT_PRODUCTS_DIR; };
		4C3FB95F61D1D547395AF9FD /* Pods-Fitness Challenge.release.xcconfig */ = {isa = PBXFileReference; includeInIndex = 1; lastKnownFileType = text.xcconfig; name = "Pods-Fitness Challenge.release.xcconfig"; path = "Pods/Target Support Files/Pods-Fitness Challenge/Pods-Fitness Challenge.release.xcconfig"; sourceTree = "<group>"; };
		5617D23BB5A2243B4D717DF4 /* Pods-Fitness Challenge.debug.xcconfig */ = {isa = PBXFileReference; includeInIndex = 1; lastKnownFileType = text.xcconfig; name = "Pods-Fitness Challenge.debug.xcconfig"; path = "Pods/Target Support Files/Pods-Fitness Challenge/Pods-Fitness Challenge.debug.xcconfig"; sourceTree = "<group>"; };
		5671889D1E09E24A00A41A0B /* Fitness Challenge.entitlements */ = {isa = PBXFileReference; lastKnownFileType = text.plist.entitlements; path = "Fitness Challenge.entitlements"; sourceTree = "<group>"; };
		5671889E1E09E9A500A41A0B /* GoogleService-Info.plist */ = {isa = PBXFileReference; fileEncoding = 4; lastKnownFileType = text.plist.xml; path = "GoogleService-Info.plist"; sourceTree = "<group>"; };
		567188A01E09FA3600A41A0B /* DataService.swift */ = {isa = PBXFileReference; fileEncoding = 4; lastKnownFileType = sourcecode.swift; path = DataService.swift; sourceTree = "<group>"; };
		567188A21E09FF5D00A41A0B /* UserCell.swift */ = {isa = PBXFileReference; fileEncoding = 4; lastKnownFileType = sourcecode.swift; path = UserCell.swift; sourceTree = "<group>"; };
		567188A61E0B586600A41A0B /* UsersVC.swift */ = {isa = PBXFileReference; fileEncoding = 4; lastKnownFileType = sourcecode.swift; path = UsersVC.swift; sourceTree = "<group>"; };
		5697084A1E0624A500B54EDE /* VideoVC.swift */ = {isa = PBXFileReference; fileEncoding = 4; lastKnownFileType = sourcecode.swift; path = VideoVC.swift; sourceTree = "<group>"; };
		56D5AB911E01BE8F00C51695 /* MainVC.swift */ = {isa = PBXFileReference; fileEncoding = 4; lastKnownFileType = sourcecode.swift; path = MainVC.swift; sourceTree = "<group>"; };
		56D5AB981E04BD3600C51695 /* ChallengeCell.swift */ = {isa = PBXFileReference; fileEncoding = 4; lastKnownFileType = sourcecode.swift; path = ChallengeCell.swift; sourceTree = "<group>"; };
		56D5AB9A1E04BEBC00C51695 /* ChallengesVC.swift */ = {isa = PBXFileReference; fileEncoding = 4; lastKnownFileType = sourcecode.swift; path = ChallengesVC.swift; sourceTree = "<group>"; };
		56D5AB9C1E04BF3E00C51695 /* Challenges.swift */ = {isa = PBXFileReference; fileEncoding = 4; lastKnownFileType = sourcecode.swift; path = Challenges.swift; sourceTree = "<group>"; };
		56EA6A291E00C05E00E9FE5D /* CreateProfileVC.swift */ = {isa = PBXFileReference; fileEncoding = 4; lastKnownFileType = sourcecode.swift; path = CreateProfileVC.swift; sourceTree = "<group>"; };
		56EEDE151DFFCC89005CC896 /* Fitness Challenge.app */ = {isa = PBXFileReference; explicitFileType = wrapper.application; includeInIndex = 0; path = "Fitness Challenge.app"; sourceTree = BUILT_PRODUCTS_DIR; };
		56EEDE181DFFCC89005CC896 /* AppDelegate.swift */ = {isa = PBXFileReference; lastKnownFileType = sourcecode.swift; path = AppDelegate.swift; sourceTree = "<group>"; };
		56EEDE1D1DFFCC89005CC896 /* Base */ = {isa = PBXFileReference; lastKnownFileType = file.storyboard; name = Base; path = Base.lproj/Main.storyboard; sourceTree = "<group>"; };
		56EEDE1F1DFFCC89005CC896 /* Assets.xcassets */ = {isa = PBXFileReference; lastKnownFileType = folder.assetcatalog; path = Assets.xcassets; sourceTree = "<group>"; };
		56EEDE221DFFCC89005CC896 /* Base */ = {isa = PBXFileReference; lastKnownFileType = file.storyboard; name = Base; path = Base.lproj/LaunchScreen.storyboard; sourceTree = "<group>"; };
		56EEDE241DFFCC89005CC896 /* Info.plist */ = {isa = PBXFileReference; lastKnownFileType = text.plist.xml; path = Info.plist; sourceTree = "<group>"; };
		56EEDE2A1E006FB7005CC896 /* SignUpVC.swift */ = {isa = PBXFileReference; fileEncoding = 4; lastKnownFileType = sourcecode.swift; path = SignUpVC.swift; sourceTree = "<group>"; };
		56F951A91E0B7D6500FB9E1C /* User.swift */ = {isa = PBXFileReference; fileEncoding = 4; lastKnownFileType = sourcecode.swift; path = User.swift; sourceTree = "<group>"; };
		56FF2BFB1E08EDDB003825B2 /* AuthService.swift */ = {isa = PBXFileReference; fileEncoding = 4; lastKnownFileType = sourcecode.swift; path = AuthService.swift; sourceTree = "<group>"; };
/* End PBXFileReference section */

/* Begin PBXFrameworksBuildPhase section */
		56EEDE121DFFCC89005CC896 /* Frameworks */ = {
			isa = PBXFrameworksBuildPhase;
			buildActionMask = 2147483647;
			files = (
				D775C80CE35623CC534C4925 /* Pods_Fitness_Challenge.framework in Frameworks */,
			);
			runOnlyForDeploymentPostprocessing = 0;
		};
/* End PBXFrameworksBuildPhase section */

/* Begin PBXGroup section */
		1888B10369E238A3C7CB35ED /* Frameworks */ = {
			isa = PBXGroup;
			children = (
				246476E04D2130BFED28426E /* Pods_Fitness_Challenge.framework */,
			);
			name = Frameworks;
			sourceTree = "<group>";
		};
		1D99178CD6B2B433C92090F9 /* Pods */ = {
			isa = PBXGroup;
			children = (
				5617D23BB5A2243B4D717DF4 /* Pods-Fitness Challenge.debug.xcconfig */,
				4C3FB95F61D1D547395AF9FD /* Pods-Fitness Challenge.release.xcconfig */,
			);
			name = Pods;
			sourceTree = "<group>";
		};
		56D5AB931E04BC8800C51695 /* View */ = {
			isa = PBXGroup;
			children = (
				56D5AB981E04BD3600C51695 /* ChallengeCell.swift */,
				567188A21E09FF5D00A41A0B /* UserCell.swift */,
			);
			name = View;
			sourceTree = "<group>";
		};
		56D5AB941E04BC9200C51695 /* Model */ = {
			isa = PBXGroup;
			children = (
				56D5AB9C1E04BF3E00C51695 /* Challenges.swift */,
			);
			name = Model;
			sourceTree = "<group>";
		};
		56D5AB951E04BC9900C51695 /* Controller */ = {
			isa = PBXGroup;
			children = (
				56EA6A291E00C05E00E9FE5D /* CreateProfileVC.swift */,
				56EEDE2A1E006FB7005CC896 /* SignUpVC.swift */,
				56D5AB911E01BE8F00C51695 /* MainVC.swift */,
				56D5AB9A1E04BEBC00C51695 /* ChallengesVC.swift */,
				5697084A1E0624A500B54EDE /* VideoVC.swift */,
				567188A61E0B586600A41A0B /* UsersVC.swift */,
			);
			name = Controller;
			sourceTree = "<group>";
		};
		56EEDE0C1DFFCC89005CC896 = {
			isa = PBXGroup;
			children = (
				56EEDE171DFFCC89005CC896 /* Fitness Challenge */,
				56EEDE161DFFCC89005CC896 /* Products */,
				1D99178CD6B2B433C92090F9 /* Pods */,
				1888B10369E238A3C7CB35ED /* Frameworks */,
			);
			sourceTree = "<group>";
		};
		56EEDE161DFFCC89005CC896 /* Products */ = {
			isa = PBXGroup;
			children = (
				56EEDE151DFFCC89005CC896 /* Fitness Challenge.app */,
			);
			name = Products;
			sourceTree = "<group>";
		};
		56EEDE171DFFCC89005CC896 /* Fitness Challenge */ = {
			isa = PBXGroup;
			children = (
				5671889D1E09E24A00A41A0B /* Fitness Challenge.entitlements */,
				56FF2BFA1E08EDC2003825B2 /* Services */,
				56D5AB951E04BC9900C51695 /* Controller */,
				56D5AB941E04BC9200C51695 /* Model */,
				56D5AB931E04BC8800C51695 /* View */,
				56EEDE181DFFCC89005CC896 /* AppDelegate.swift */,
				56EEDE1C1DFFCC89005CC896 /* Main.storyboard */,
				56EEDE1F1DFFCC89005CC896 /* Assets.xcassets */,
				56EEDE211DFFCC89005CC896 /* LaunchScreen.storyboard */,
				5671889E1E09E9A500A41A0B /* GoogleService-Info.plist */,
				56EEDE241DFFCC89005CC896 /* Info.plist */,
				56F951A91E0B7D6500FB9E1C /* User.swift */,
			);
			path = "Fitness Challenge";
			sourceTree = "<group>";
		};
		56FF2BFA1E08EDC2003825B2 /* Services */ = {
			isa = PBXGroup;
			children = (
				56FF2BFB1E08EDDB003825B2 /* AuthService.swift */,
				567188A01E09FA3600A41A0B /* DataService.swift */,
			);
			name = Services;
			sourceTree = "<group>";
		};
/* End PBXGroup section */

/* Begin PBXNativeTarget section */
		56EEDE141DFFCC89005CC896 /* Fitness Challenge */ = {
			isa = PBXNativeTarget;
			buildConfigurationList = 56EEDE271DFFCC89005CC896 /* Build configuration list for PBXNativeTarget "Fitness Challenge" */;
			buildPhases = (
				22FCA25B903BD3D80DD6DF0C /* [CP] Check Pods Manifest.lock */,
				56EEDE111DFFCC89005CC896 /* Sources */,
				56EEDE121DFFCC89005CC896 /* Frameworks */,
				56EEDE131DFFCC89005CC896 /* Resources */,
				752946BA8B4BBFDEB0B07628 /* [CP] Embed Pods Frameworks */,
				AA1E0DA1A7B9866A59E3CE45 /* [CP] Copy Pods Resources */,
			);
			buildRules = (
			);
			dependencies = (
			);
			name = "Fitness Challenge";
			productName = "Fitness Challenge";
			productReference = 56EEDE151DFFCC89005CC896 /* Fitness Challenge.app */;
			productType = "com.apple.product-type.application";
		};
/* End PBXNativeTarget section */

/* Begin PBXProject section */
		56EEDE0D1DFFCC89005CC896 /* Project object */ = {
			isa = PBXProject;
			attributes = {
				LastSwiftUpdateCheck = 0810;
				LastUpgradeCheck = 0820;
				ORGANIZATIONNAME = "Travis Whitten";
				TargetAttributes = {
					56EEDE141DFFCC89005CC896 = {
						CreatedOnToolsVersion = 8.1;
						DevelopmentTeam = 2PZ6TY2596;
						ProvisioningStyle = Automatic;
						SystemCapabilities = {
							com.apple.Keychain = {
								enabled = 0;
							};
						};
					};
				};
			};
			buildConfigurationList = 56EEDE101DFFCC89005CC896 /* Build configuration list for PBXProject "Fitness Challenge" */;
			compatibilityVersion = "Xcode 3.2";
			developmentRegion = English;
			hasScannedForEncodings = 0;
			knownRegions = (
				en,
				Base,
			);
			mainGroup = 56EEDE0C1DFFCC89005CC896;
			productRefGroup = 56EEDE161DFFCC89005CC896 /* Products */;
			projectDirPath = "";
			projectRoot = "";
			targets = (
				56EEDE141DFFCC89005CC896 /* Fitness Challenge */,
			);
		};
/* End PBXProject section */

/* Begin PBXResourcesBuildPhase section */
		56EEDE131DFFCC89005CC896 /* Resources */ = {
			isa = PBXResourcesBuildPhase;
			buildActionMask = 2147483647;
			files = (
				56EEDE231DFFCC89005CC896 /* LaunchScreen.storyboard in Resources */,
				5671889F1E09E9A500A41A0B /* GoogleService-Info.plist in Resources */,
				56EEDE201DFFCC89005CC896 /* Assets.xcassets in Resources */,
				56EEDE1E1DFFCC89005CC896 /* Main.storyboard in Resources */,
			);
			runOnlyForDeploymentPostprocessing = 0;
		};
/* End PBXResourcesBuildPhase section */

/* Begin PBXShellScriptBuildPhase section */
		22FCA25B903BD3D80DD6DF0C /* [CP] Check Pods Manifest.lock */ = {
			isa = PBXShellScriptBuildPhase;
			buildActionMask = 2147483647;
			files = (
			);
			inputPaths = (
			);
			name = "[CP] Check Pods Manifest.lock";
			outputPaths = (
			);
			runOnlyForDeploymentPostprocessing = 0;
			shellPath = /bin/sh;
			shellScript = "diff \"${PODS_ROOT}/../Podfile.lock\" \"${PODS_ROOT}/Manifest.lock\" > /dev/null\nif [ $? != 0 ] ; then\n    # print error to STDERR\n    echo \"error: The sandbox is not in sync with the Podfile.lock. Run 'pod install' or update your CocoaPods installation.\" >&2\n    exit 1\nfi\n";
			showEnvVarsInLog = 0;
		};
		752946BA8B4BBFDEB0B07628 /* [CP] Embed Pods Frameworks */ = {
			isa = PBXShellScriptBuildPhase;
			buildActionMask = 2147483647;
			files = (
			);
			inputPaths = (
			);
			name = "[CP] Embed Pods Frameworks";
			outputPaths = (
			);
			runOnlyForDeploymentPostprocessing = 0;
			shellPath = /bin/sh;
			shellScript = "\"${SRCROOT}/Pods/Target Support Files/Pods-Fitness Challenge/Pods-Fitness Challenge-frameworks.sh\"\n";
			showEnvVarsInLog = 0;
		};
		AA1E0DA1A7B9866A59E3CE45 /* [CP] Copy Pods Resources */ = {
			isa = PBXShellScriptBuildPhase;
			buildActionMask = 2147483647;
			files = (
			);
			inputPaths = (
			);
			name = "[CP] Copy Pods Resources";
			outputPaths = (
			);
			runOnlyForDeploymentPostprocessing = 0;
			shellPath = /bin/sh;
			shellScript = "\"${SRCROOT}/Pods/Target Support Files/Pods-Fitness Challenge/Pods-Fitness Challenge-resources.sh\"\n";
			showEnvVarsInLog = 0;
		};
/* End PBXShellScriptBuildPhase section */

/* Begin PBXSourcesBuildPhase section */
		56EEDE111DFFCC89005CC896 /* Sources */ = {
			isa = PBXSourcesBuildPhase;
			buildActionMask = 2147483647;
			files = (
				56F951AA1E0B7D6500FB9E1C /* User.swift in Sources */,
				56D5AB9D1E04BF3E00C51695 /* Challenges.swift in Sources */,
				56D5AB9B1E04BEBC00C51695 /* ChallengesVC.swift in Sources */,
				5697084B1E0624A500B54EDE /* VideoVC.swift in Sources */,
				56D5AB991E04BD3600C51695 /* ChallengeCell.swift in Sources */,
				56D5AB921E01BE8F00C51695 /* MainVC.swift in Sources */,
				56EEDE2B1E006FB7005CC896 /* SignUpVC.swift in Sources */,
				56FF2BFC1E08EDDB003825B2 /* AuthService.swift in Sources */,
				56EA6A2A1E00C05E00E9FE5D /* CreateProfileVC.swift in Sources */,
				56EEDE191DFFCC89005CC896 /* AppDelegate.swift in Sources */,
				567188A31E09FF5D00A41A0B /* UserCell.swift in Sources */,
				567188A11E09FA3600A41A0B /* DataService.swift in Sources */,
				567188A71E0B586600A41A0B /* UsersVC.swift in Sources */,
			);
			runOnlyForDeploymentPostprocessing = 0;
		};
/* End PBXSourcesBuildPhase section */

/* Begin PBXVariantGroup section */
		56EEDE1C1DFFCC89005CC896 /* Main.storyboard */ = {
			isa = PBXVariantGroup;
			children = (
				56EEDE1D1DFFCC89005CC896 /* Base */,
			);
			name = Main.storyboard;
			sourceTree = "<group>";
		};
		56EEDE211DFFCC89005CC896 /* LaunchScreen.storyboard */ = {
			isa = PBXVariantGroup;
			children = (
				56EEDE221DFFCC89005CC896 /* Base */,
			);
			name = LaunchScreen.storyboard;
			sourceTree = "<group>";
		};
/* End PBXVariantGroup section */

/* Begin XCBuildConfiguration section */
		56EEDE251DFFCC89005CC896 /* Debug */ = {
			isa = XCBuildConfiguration;
			buildSettings = {
				ALWAYS_SEARCH_USER_PATHS = NO;
				CLANG_ANALYZER_NONNULL = YES;
				CLANG_CXX_LANGUAGE_STANDARD = "gnu++0x";
				CLANG_CXX_LIBRARY = "libc++";
				CLANG_ENABLE_MODULES = YES;
				CLANG_ENABLE_OBJC_ARC = YES;
				CLANG_WARN_BOOL_CONVERSION = YES;
				CLANG_WARN_CONSTANT_CONVERSION = YES;
				CLANG_WARN_DIRECT_OBJC_ISA_USAGE = YES_ERROR;
				CLANG_WARN_DOCUMENTATION_COMMENTS = YES;
				CLANG_WARN_EMPTY_BODY = YES;
				CLANG_WARN_ENUM_CONVERSION = YES;
				CLANG_WARN_INFINITE_RECURSION = YES;
				CLANG_WARN_INT_CONVERSION = YES;
				CLANG_WARN_OBJC_ROOT_CLASS = YES_ERROR;
				CLANG_WARN_SUSPICIOUS_MOVE = YES;
				CLANG_WARN_SUSPICIOUS_MOVES = YES;
				CLANG_WARN_UNREACHABLE_CODE = YES;
				CLANG_WARN__DUPLICATE_METHOD_MATCH = YES;
				"CODE_SIGN_IDENTITY[sdk=iphoneos*]" = "iPhone Developer";
				COPY_PHASE_STRIP = NO;
				DEBUG_INFORMATION_FORMAT = dwarf;
				ENABLE_STRICT_OBJC_MSGSEND = YES;
				ENABLE_TESTABILITY = YES;
				GCC_C_LANGUAGE_STANDARD = gnu99;
				GCC_DYNAMIC_NO_PIC = NO;
				GCC_NO_COMMON_BLOCKS = YES;
				GCC_OPTIMIZATION_LEVEL = 0;
				GCC_PREPROCESSOR_DEFINITIONS = (
					"DEBUG=1",
					"$(inherited)",
				);
				GCC_WARN_64_TO_32_BIT_CONVERSION = YES;
				GCC_WARN_ABOUT_RETURN_TYPE = YES_ERROR;
				GCC_WARN_UNDECLARED_SELECTOR = YES;
				GCC_WARN_UNINITIALIZED_AUTOS = YES_AGGRESSIVE;
				GCC_WARN_UNUSED_FUNCTION = YES;
				GCC_WARN_UNUSED_VARIABLE = YES;
				IPHONEOS_DEPLOYMENT_TARGET = 10.1;
				MTL_ENABLE_DEBUG_INFO = YES;
				ONLY_ACTIVE_ARCH = YES;
				SDKROOT = iphoneos;
				SWIFT_ACTIVE_COMPILATION_CONDITIONS = DEBUG;
				SWIFT_OPTIMIZATION_LEVEL = "-Onone";
				TARGETED_DEVICE_FAMILY = "1,2";
			};
			name = Debug;
		};
		56EEDE261DFFCC89005CC896 /* Release */ = {
			isa = XCBuildConfiguration;
			buildSettings = {
				ALWAYS_SEARCH_USER_PATHS = NO;
				CLANG_ANALYZER_NONNULL = YES;
				CLANG_CXX_LANGUAGE_STANDARD = "gnu++0x";
				CLANG_CXX_LIBRARY = "libc++";
				CLANG_ENABLE_MODULES = YES;
				CLANG_ENABLE_OBJC_ARC = YES;
				CLANG_WARN_BOOL_CONVERSION = YES;
				CLANG_WARN_CONSTANT_CONVERSION = YES;
				CLANG_WARN_DIRECT_OBJC_ISA_USAGE = YES_ERROR;
				CLANG_WARN_DOCUMENTATION_COMMENTS = YES;
				CLANG_WARN_EMPTY_BODY = YES;
				CLANG_WARN_ENUM_CONVERSION = YES;
				CLANG_WARN_INFINITE_RECURSION = YES;
				CLANG_WARN_INT_CONVERSION = YES;
				CLANG_WARN_OBJC_ROOT_CLASS = YES_ERROR;
				CLANG_WARN_SUSPICIOUS_MOVE = YES;
				CLANG_WARN_SUSPICIOUS_MOVES = YES;
				CLANG_WARN_UNREACHABLE_CODE = YES;
				CLANG_WARN__DUPLICATE_METHOD_MATCH = YES;
				"CODE_SIGN_IDENTITY[sdk=iphoneos*]" = "iPhone Developer";
				COPY_PHASE_STRIP = NO;
				DEBUG_INFORMATION_FORMAT = "dwarf-with-dsym";
				ENABLE_NS_ASSERTIONS = NO;
				ENABLE_STRICT_OBJC_MSGSEND = YES;
				GCC_C_LANGUAGE_STANDARD = gnu99;
				GCC_NO_COMMON_BLOCKS = YES;
				GCC_WARN_64_TO_32_BIT_CONVERSION = YES;
				GCC_WARN_ABOUT_RETURN_TYPE = YES_ERROR;
				GCC_WARN_UNDECLARED_SELECTOR = YES;
				GCC_WARN_UNINITIALIZED_AUTOS = YES_AGGRESSIVE;
				GCC_WARN_UNUSED_FUNCTION = YES;
				GCC_WARN_UNUSED_VARIABLE = YES;
				IPHONEOS_DEPLOYMENT_TARGET = 10.1;
				MTL_ENABLE_DEBUG_INFO = NO;
				SDKROOT = iphoneos;
				SWIFT_OPTIMIZATION_LEVEL = "-Owholemodule";
				TARGETED_DEVICE_FAMILY = "1,2";
				VALIDATE_PRODUCT = YES;
			};
			name = Release;
		};
		56EEDE281DFFCC89005CC896 /* Debug */ = {
			isa = XCBuildConfiguration;
			baseConfigurationReference = 5617D23BB5A2243B4D717DF4 /* Pods-Fitness Challenge.debug.xcconfig */;
			buildSettings = {
				ALWAYS_EMBED_SWIFT_STANDARD_LIBRARIES = YES;
				ASSETCATALOG_COMPILER_APPICON_NAME = AppIcon;
				DEVELOPMENT_TEAM = 2PZ6TY2596;
				INFOPLIST_FILE = "Fitness Challenge/Info.plist";
				LD_RUNPATH_SEARCH_PATHS = "$(inherited) @executable_path/Frameworks";
				PRODUCT_BUNDLE_IDENTIFIER = "com.Renegade.Fitness-Challenge";
				PRODUCT_NAME = "$(TARGET_NAME)";
				SWIFT_VERSION = 3.0;
				TARGETED_DEVICE_FAMILY = 1;
			};
			name = Debug;
		};
		56EEDE291DFFCC89005CC896 /* Release */ = {
			isa = XCBuildConfiguration;
			baseConfigurationReference = 4C3FB95F61D1D547395AF9FD /* Pods-Fitness Challenge.release.xcconfig */;
			buildSettings = {
				ALWAYS_EMBED_SWIFT_STANDARD_LIBRARIES = YES;
				ASSETCATALOG_COMPILER_APPICON_NAME = AppIcon;
				DEVELOPMENT_TEAM = 2PZ6TY2596;
				INFOPLIST_FILE = "Fitness Challenge/Info.plist";
				LD_RUNPATH_SEARCH_PATHS = "$(inherited) @executable_path/Frameworks";
				PRODUCT_BUNDLE_IDENTIFIER = "com.Renegade.Fitness-Challenge";
				PRODUCT_NAME = "$(TARGET_NAME)";
				SWIFT_VERSION = 3.0;
				TARGETED_DEVICE_FAMILY = 1;
			};
			name = Release;
		};
/* End XCBuildConfiguration section */

/* Begin XCConfigurationList section */
		56EEDE101DFFCC89005CC896 /* Build configuration list for PBXProject "Fitness Challenge" */ = {
			isa = XCConfigurationList;
			buildConfigurations = (
				56EEDE251DFFCC89005CC896 /* Debug */,
				56EEDE261DFFCC89005CC896 /* Release */,
			);
			defaultConfigurationIsVisible = 0;
			defaultConfigurationName = Release;
		};
		56EEDE271DFFCC89005CC896 /* Build configuration list for PBXNativeTarget "Fitness Challenge" */ = {
			isa = XCConfigurationList;
			buildConfigurations = (
				56EEDE281DFFCC89005CC896 /* Debug */,
				56EEDE291DFFCC89005CC896 /* Release */,
			);
			defaultConfigurationIsVisible = 0;
			defaultConfigurationName = Release;
		};
/* End XCConfigurationList section */
	};
	rootObject = 56EEDE0D1DFFCC89005CC896 /* Project object */;
}
